
Microsoft Visual Studio Solution File, Format Version 12.00
# Visual Studio Version 16
VisualStudioVersion = 16.0.29905.134
MinimumVisualStudioVersion = 10.0.40219.1
Project("{FAE04EC0-301F-11D3-BF4B-00C04F79EFBC}") = "Deliverable02", "Deliverable02\Deliverable02.csproj", "{EFFDBD52-55C8-46C4-9025-29F99285ABBD}"
EndProject
Global
	GlobalSection(SolutionConfigurationPlatforms) = preSolution
		Debug|Any CPU = Debug|Any CPU
		Release|Any CPU = Release|Any CPU
	EndGlobalSection
	GlobalSection(ProjectConfigurationPlatforms) = postSolution
		{EFFDBD52-55C8-46C4-9025-29F99285ABBD}.Debug|Any CPU.ActiveCfg = Debug|Any CPU
		{EFFDBD52-55C8-46C4-9025-29F99285ABBD}.Debug|Any CPU.Build.0 = Debug|Any CPU
		{EFFDBD52-55C8-46C4-9025-29F99285ABBD}.Release|Any CPU.ActiveCfg = Release|Any CPU
		{EFFDBD52-55C8-46C4-9025-29F99285ABBD}.Release|Any CPU.Build.0 = Release|Any CPU
	EndGlobalSection
	GlobalSection(SolutionProperties) = preSolution
		HideSolutionNode = FALSE
	EndGlobalSection
	GlobalSection(ExtensibilityGlobals) = postSolution
		SolutionGuid = {757E5FF2-3DE9-47A1-B1DC-A3035FD2D7CD}
	EndGlobalSection
EndGlobal
